
Microsoft Visual Studio Solution File, Format Version 12.00
# Visual Studio 15
VisualStudioVersion = 15.0.27004.2008
MinimumVisualStudioVersion = 10.0.40219.1
Project("{8BC9CEB8-8B4A-11D0-8D11-00A0C91BC942}") = "MirAPP", "MirAPP\MirAPP.vcxproj", "{FAD13EDE-3CA4-41F4-8756-0B010CE1EF1F}"
EndProject
Global
	GlobalSection(SolutionConfigurationPlatforms) = preSolution
		Debug|x64 = Debug|x64
		Debug|x86 = Debug|x86
		Release|x64 = Release|x64
		Release|x86 = Release|x86
	EndGlobalSection
	GlobalSection(ProjectConfigurationPlatforms) = postSolution
		{FAD13EDE-3CA4-41F4-8756-0B010CE1EF1F}.Debug|x64.ActiveCfg = Debug|x64
		{FAD13EDE-3CA4-41F4-8756-0B010CE1EF1F}.Debug|x64.Build.0 = Debug|x64
		{FAD13EDE-3CA4-41F4-8756-0B010CE1EF1F}.Debug|x86.ActiveCfg = Debug|Win32
		{FAD13EDE-3CA4-41F4-8756-0B010CE1EF1F}.Debug|x86.Build.0 = Debug|Win32
		{FAD13EDE-3CA4-41F4-8756-0B010CE1EF1F}.Release|x64.ActiveCfg = Release|x64
		{FAD13EDE-3CA4-41F4-8756-0B010CE1EF1F}.Release|x64.Build.0 = Release|x64
		{FAD13EDE-3CA4-41F4-8756-0B010CE1EF1F}.Release|x86.ActiveCfg = Release|Win32
		{FAD13EDE-3CA4-41F4-8756-0B010CE1EF1F}.Release|x86.Build.0 = Release|Win32
	EndGlobalSection
	GlobalSection(SolutionProperties) = preSolution
		HideSolutionNode = FALSE
	EndGlobalSection
	GlobalSection(ExtensibilityGlobals) = postSolution
		SolutionGuid = {F93313C0-AAE6-4E20-9C6E-13A099B805E1}
	EndGlobalSection
EndGlobal
